
Microsoft Visual Studio Solution File, Format Version 12.00
# Visual Studio 15
VisualStudioVersion = 15.0.27703.2035
MinimumVisualStudioVersion = 10.0.40219.1
Project("{FAE04EC0-301F-11D3-BF4B-00C04F79EFBC}") = "LanExtractor", "LanExtracto\LanExtractor.csproj", "{ED8EFCE1-9BC9-4089-BCBA-8634E8B19446}"
EndProject
Global
	GlobalSection(SolutionConfigurationPlatforms) = preSolution
		Debug|Any CPU = Debug|Any CPU
		Release|Any CPU = Release|Any CPU
	EndGlobalSection
	GlobalSection(ProjectConfigurationPlatforms) = postSolution
		{ED8EFCE1-9BC9-4089-BCBA-8634E8B19446}.Debug|Any CPU.ActiveCfg = Debug|Any CPU
		{ED8EFCE1-9BC9-4089-BCBA-8634E8B19446}.Debug|Any CPU.Build.0 = Debug|Any CPU
		{ED8EFCE1-9BC9-4089-BCBA-8634E8B19446}.Release|Any CPU.ActiveCfg = Release|Any CPU
		{ED8EFCE1-9BC9-4089-BCBA-8634E8B19446}.Release|Any CPU.Build.0 = Release|Any CPU
	EndGlobalSection
	GlobalSection(SolutionProperties) = preSolution
		HideSolutionNode = FALSE
	EndGlobalSection
	GlobalSection(ExtensibilityGlobals) = postSolution
		SolutionGuid = {1866DA43-3350-496F-8BBC-ED7FDB649564}
	EndGlobalSection
EndGlobal
